# THIS IS AN AUTOGENERATED FILE. DO NOT EDIT THIS FILE DIRECTLY.
# yarn lockfile v1


bootstrap@3:
  version "3.4.1"
  resolved "https://registry.yarnpkg.com/bootstrap/-/bootstrap-3.4.1.tgz#c3a347d419e289ad11f4033e3c4132b87c081d72"
  integrity sha512-yN5oZVmRCwe5aKwzRj6736nSmKDX7pLYwsXiCj/EYmo16hODaBiT4En5btW/jhBF/seV+XMx3aYwukYC3A49DA==

"uninett-theme@https://scm.uninett.no/asm/uninett-theme.git":
  version "1.0.2"
  resolved "https://scm.uninett.no/asm/uninett-theme.git#de6253893ab65d1b32ccc977c58a5ab3c9c75e50"
